
Microsoft Visual Studio Solution File, Format Version 12.00
# Visual Studio Version 16
VisualStudioVersion = 16.0.30717.126
MinimumVisualStudioVersion = 10.0.40219.1
Project("{FAE04EC0-301F-11D3-BF4B-00C04F79EFBC}") = "MotionCalculator", "MotionCalculator\MotionCalculator.csproj", "{FD406D14-FE45-4456-B475-0B2F779E8EC8}"
EndProject
Project("{FAE04EC0-301F-11D3-BF4B-00C04F79EFBC}") = "MotionCalculator.Test", "MotionCalculator.Test\MotionCalculator.Test.csproj", "{CAF25E9B-0CB1-4979-AFC2-417F1F4BAE46}"
EndProject
Global
	GlobalSection(SolutionConfigurationPlatforms) = preSolution
		Debug|Any CPU = Debug|Any CPU
		Release|Any CPU = Release|Any CPU
	EndGlobalSection
	GlobalSection(ProjectConfigurationPlatforms) = postSolution
		{FD406D14-FE45-4456-B475-0B2F779E8EC8}.Debug|Any CPU.ActiveCfg = Debug|Any CPU
		{FD406D14-FE45-4456-B475-0B2F779E8EC8}.Debug|Any CPU.Build.0 = Debug|Any CPU
		{FD406D14-FE45-4456-B475-0B2F779E8EC8}.Release|Any CPU.ActiveCfg = Release|Any CPU
		{FD406D14-FE45-4456-B475-0B2F779E8EC8}.Release|Any CPU.Build.0 = Release|Any CPU
		{CAF25E9B-0CB1-4979-AFC2-417F1F4BAE46}.Debug|Any CPU.ActiveCfg = Debug|Any CPU
		{CAF25E9B-0CB1-4979-AFC2-417F1F4BAE46}.Debug|Any CPU.Build.0 = Debug|Any CPU
		{CAF25E9B-0CB1-4979-AFC2-417F1F4BAE46}.Release|Any CPU.ActiveCfg = Release|Any CPU
		{CAF25E9B-0CB1-4979-AFC2-417F1F4BAE46}.Release|Any CPU.Build.0 = Release|Any CPU
	EndGlobalSection
	GlobalSection(SolutionProperties) = preSolution
		HideSolutionNode = FALSE
	EndGlobalSection
	GlobalSection(ExtensibilityGlobals) = postSolution
		SolutionGuid = {81E2A155-F4E5-49B0-8687-94B985AB4B7C}
	EndGlobalSection
EndGlobal
